
Microsoft Visual Studio Solution File, Format Version 12.00
# Visual Studio Version 16
VisualStudioVersion = 16.0.30309.148
MinimumVisualStudioVersion = 10.0.40219.1
Project("{FAE04EC0-301F-11D3-BF4B-00C04F79EFBC}") = "WindowsFormsApp3", "WindowsFormsApp3.csproj", "{AD19D30E-0944-4805-B3D9-B19918DCBB2D}"
EndProject
Global
	GlobalSection(SolutionConfigurationPlatforms) = preSolution
		Debug|Any CPU = Debug|Any CPU
		Release|Any CPU = Release|Any CPU
	EndGlobalSection
	GlobalSection(ProjectConfigurationPlatforms) = postSolution
		{AD19D30E-0944-4805-B3D9-B19918DCBB2D}.Debug|Any CPU.ActiveCfg = Debug|Any CPU
		{AD19D30E-0944-4805-B3D9-B19918DCBB2D}.Debug|Any CPU.Build.0 = Debug|Any CPU
		{AD19D30E-0944-4805-B3D9-B19918DCBB2D}.Release|Any CPU.ActiveCfg = Release|Any CPU
		{AD19D30E-0944-4805-B3D9-B19918DCBB2D}.Release|Any CPU.Build.0 = Release|Any CPU
	EndGlobalSection
	GlobalSection(SolutionProperties) = preSolution
		HideSolutionNode = FALSE
	EndGlobalSection
	GlobalSection(ExtensibilityGlobals) = postSolution
		SolutionGuid = {BCDF1F62-D9F7-4740-B767-0DE406BB92F8}
	EndGlobalSection
EndGlobal
